
Microsoft Visual Studio Solution File, Format Version 12.00
# Visual Studio Version 16
VisualStudioVersion = 16.0.32901.82
MinimumVisualStudioVersion = 10.0.40219.1
Project("{FAE04EC0-301F-11D3-BF4B-00C04F79EFBC}") = "Musindo", "Musindo.csproj", "{0744FFC8-607C-4BB4-8730-176D42916260}"
EndProject
Global
	GlobalSection(SolutionConfigurationPlatforms) = preSolution
		Debug|Any CPU = Debug|Any CPU
		Release|Any CPU = Release|Any CPU
	EndGlobalSection
	GlobalSection(ProjectConfigurationPlatforms) = postSolution
		{0744FFC8-607C-4BB4-8730-176D42916260}.Debug|Any CPU.ActiveCfg = Debug|Any CPU
		{0744FFC8-607C-4BB4-8730-176D42916260}.Debug|Any CPU.Build.0 = Debug|Any CPU
		{0744FFC8-607C-4BB4-8730-176D42916260}.Release|Any CPU.ActiveCfg = Release|Any CPU
		{0744FFC8-607C-4BB4-8730-176D42916260}.Release|Any CPU.Build.0 = Release|Any CPU
	EndGlobalSection
	GlobalSection(SolutionProperties) = preSolution
		HideSolutionNode = FALSE
	EndGlobalSection
	GlobalSection(ExtensibilityGlobals) = postSolution
		SolutionGuid = {A8305091-AA50-43C8-AD4E-1495BFF12422}
	EndGlobalSection
EndGlobal
